
Microsoft Visual Studio Solution File, Format Version 12.00
# Visual Studio Version 17
VisualStudioVersion = 17.14.36212.18
MinimumVisualStudioVersion = 10.0.40219.1
Project("{FAE04EC0-301F-11D3-BF4B-00C04F79EFBC}") = "RentalCar.Web", "RentalCar.Web\RentalCar.Web.csproj", "{018D0960-5B35-4FF9-934F-CA3609A372B7}"
EndProject
Project("{FAE04EC0-301F-11D3-BF4B-00C04F79EFBC}") = "RentalCar.Infrastructure", "RentalCar.Infrastructure\RentalCar.Infrastructure.csproj", "{7D15A114-5485-4706-8AAA-634154AB176F}"
EndProject
Project("{FAE04EC0-301F-11D3-BF4B-00C04F79EFBC}") = "RentalCar.Domain", "RentalCar.Domain\RentalCar.Domain.csproj", "{4252D6D9-1152-4391-8D17-D377532FE8BE}"
EndProject
Project("{FAE04EC0-301F-11D3-BF4B-00C04F79EFBC}") = "RentalCar.Application", "RentalCar.Application\RentalCar.Application.csproj", "{53BACEB9-1C80-4449-A5E9-B03AD5884595}"
EndProject
Project("{FAE04EC0-301F-11D3-BF4B-00C04F79EFBC}") = "RentalCar.Core", "RentalCar.Core\RentalCar.Core.csproj", "{3E343B85-3B11-4998-9CDF-EEA34068AB6B}"
EndProject
Project("{FAE04EC0-301F-11D3-BF4B-00C04F79EFBC}") = "RentalCar.ImportTool", "RentalCar.ImportTool\RentalCar.ImportTool.csproj", "{A01DAC15-137A-46CA-B4AC-B875F83E1CD5}"
EndProject
Global
	GlobalSection(SolutionConfigurationPlatforms) = preSolution
		Debug|Any CPU = Debug|Any CPU
		Debug|x64 = Debug|x64
		Debug|x86 = Debug|x86
		Release|Any CPU = Release|Any CPU
		Release|x64 = Release|x64
		Release|x86 = Release|x86
	EndGlobalSection
	GlobalSection(ProjectConfigurationPlatforms) = postSolution
		{018D0960-5B35-4FF9-934F-CA3609A372B7}.Debug|Any CPU.ActiveCfg = Debug|Any CPU
		{018D0960-5B35-4FF9-934F-CA3609A372B7}.Debug|Any CPU.Build.0 = Debug|Any CPU
		{018D0960-5B35-4FF9-934F-CA3609A372B7}.Debug|x64.ActiveCfg = Debug|Any CPU
		{018D0960-5B35-4FF9-934F-CA3609A372B7}.Debug|x64.Build.0 = Debug|Any CPU
		{018D0960-5B35-4FF9-934F-CA3609A372B7}.Debug|x86.ActiveCfg = Debug|Any CPU
		{018D0960-5B35-4FF9-934F-CA3609A372B7}.Debug|x86.Build.0 = Debug|Any CPU
		{018D0960-5B35-4FF9-934F-CA3609A372B7}.Release|Any CPU.ActiveCfg = Release|Any CPU
		{018D0960-5B35-4FF9-934F-CA3609A372B7}.Release|Any CPU.Build.0 = Release|Any CPU
		{018D0960-5B35-4FF9-934F-CA3609A372B7}.Release|x64.ActiveCfg = Release|Any CPU
		{018D0960-5B35-4FF9-934F-CA3609A372B7}.Release|x64.Build.0 = Release|Any CPU
		{018D0960-5B35-4FF9-934F-CA3609A372B7}.Release|x86.ActiveCfg = Release|Any CPU
		{018D0960-5B35-4FF9-934F-CA3609A372B7}.Release|x86.Build.0 = Release|Any CPU
		{7D15A114-5485-4706-8AAA-634154AB176F}.Debug|Any CPU.ActiveCfg = Debug|Any CPU
		{7D15A114-5485-4706-8AAA-634154AB176F}.Debug|Any CPU.Build.0 = Debug|Any CPU
		{7D15A114-5485-4706-8AAA-634154AB176F}.Debug|x64.ActiveCfg = Debug|Any CPU
		{7D15A114-5485-4706-8AAA-634154AB176F}.Debug|x64.Build.0 = Debug|Any CPU
		{7D15A114-5485-4706-8AAA-634154AB176F}.Debug|x86.ActiveCfg = Debug|Any CPU
		{7D15A114-5485-4706-8AAA-634154AB176F}.Debug|x86.Build.0 = Debug|Any CPU
		{7D15A114-5485-4706-8AAA-634154AB176F}.Release|Any CPU.ActiveCfg = Release|Any CPU
		{7D15A114-5485-4706-8AAA-634154AB176F}.Release|Any CPU.Build.0 = Release|Any CPU
		{7D15A114-5485-4706-8AAA-634154AB176F}.Release|x64.ActiveCfg = Release|Any CPU
		{7D15A114-5485-4706-8AAA-634154AB176F}.Release|x64.Build.0 = Release|Any CPU
		{7D15A114-5485-4706-8AAA-634154AB176F}.Release|x86.ActiveCfg = Release|Any CPU
		{7D15A114-5485-4706-8AAA-634154AB176F}.Release|x86.Build.0 = Release|Any CPU
		{4252D6D9-1152-4391-8D17-D377532FE8BE}.Debug|Any CPU.ActiveCfg = Debug|Any CPU
		{4252D6D9-1152-4391-8D17-D377532FE8BE}.Debug|Any CPU.Build.0 = Debug|Any CPU
		{4252D6D9-1152-4391-8D17-D377532FE8BE}.Debug|x64.ActiveCfg = Debug|Any CPU
		{4252D6D9-1152-4391-8D17-D377532FE8BE}.Debug|x64.Build.0 = Debug|Any CPU
		{4252D6D9-1152-4391-8D17-D377532FE8BE}.Debug|x86.ActiveCfg = Debug|Any CPU
		{4252D6D9-1152-4391-8D17-D377532FE8BE}.Debug|x86.Build.0 = Debug|Any CPU
		{4252D6D9-1152-4391-8D17-D377532FE8BE}.Release|Any CPU.ActiveCfg = Release|Any CPU
		{4252D6D9-1152-4391-8D17-D377532FE8BE}.Release|Any CPU.Build.0 = Release|Any CPU
		{4252D6D9-1152-4391-8D17-D377532FE8BE}.Release|x64.ActiveCfg = Release|Any CPU
		{4252D6D9-1152-4391-8D17-D377532FE8BE}.Release|x64.Build.0 = Release|Any CPU
		{4252D6D9-1152-4391-8D17-D377532FE8BE}.Release|x86.ActiveCfg = Release|Any CPU
		{4252D6D9-1152-4391-8D17-D377532FE8BE}.Release|x86.Build.0 = Release|Any CPU
		{53BACEB9-1C80-4449-A5E9-B03AD5884595}.Debug|Any CPU.ActiveCfg = Debug|Any CPU
		{53BACEB9-1C80-4449-A5E9-B03AD5884595}.Debug|Any CPU.Build.0 = Debug|Any CPU
		{53BACEB9-1C80-4449-A5E9-B03AD5884595}.Debug|x64.ActiveCfg = Debug|Any CPU
		{53BACEB9-1C80-4449-A5E9-B03AD5884595}.Debug|x64.Build.0 = Debug|Any CPU
		{53BACEB9-1C80-4449-A5E9-B03AD5884595}.Debug|x86.ActiveCfg = Debug|Any CPU
		{53BACEB9-1C80-4449-A5E9-B03AD5884595}.Debug|x86.Build.0 = Debug|Any CPU
		{53BACEB9-1C80-4449-A5E9-B03AD5884595}.Release|Any CPU.ActiveCfg = Release|Any CPU
		{53BACEB9-1C80-4449-A5E9-B03AD5884595}.Release|Any CPU.Build.0 = Release|Any CPU
		{53BACEB9-1C80-4449-A5E9-B03AD5884595}.Release|x64.ActiveCfg = Release|Any CPU
		{53BACEB9-1C80-4449-A5E9-B03AD5884595}.Release|x64.Build.0 = Release|Any CPU
		{53BACEB9-1C80-4449-A5E9-B03AD5884595}.Release|x86.ActiveCfg = Release|Any CPU
		{53BACEB9-1C80-4449-A5E9-B03AD5884595}.Release|x86.Build.0 = Release|Any CPU
		{3E343B85-3B11-4998-9CDF-EEA34068AB6B}.Debug|Any CPU.ActiveCfg = Debug|Any CPU
		{3E343B85-3B11-4998-9CDF-EEA34068AB6B}.Debug|Any CPU.Build.0 = Debug|Any CPU
		{3E343B85-3B11-4998-9CDF-EEA34068AB6B}.Debug|x64.ActiveCfg = Debug|Any CPU
		{3E343B85-3B11-4998-9CDF-EEA34068AB6B}.Debug|x64.Build.0 = Debug|Any CPU
		{3E343B85-3B11-4998-9CDF-EEA34068AB6B}.Debug|x86.ActiveCfg = Debug|Any CPU
		{3E343B85-3B11-4998-9CDF-EEA34068AB6B}.Debug|x86.Build.0 = Debug|Any CPU
		{3E343B85-3B11-4998-9CDF-EEA34068AB6B}.Release|Any CPU.ActiveCfg = Release|Any CPU
		{3E343B85-3B11-4998-9CDF-EEA34068AB6B}.Release|Any CPU.Build.0 = Release|Any CPU
		{3E343B85-3B11-4998-9CDF-EEA34068AB6B}.Release|x64.ActiveCfg = Release|Any CPU
		{3E343B85-3B11-4998-9CDF-EEA34068AB6B}.Release|x64.Build.0 = Release|Any CPU
		{3E343B85-3B11-4998-9CDF-EEA34068AB6B}.Release|x86.ActiveCfg = Release|Any CPU
		{3E343B85-3B11-4998-9CDF-EEA34068AB6B}.Release|x86.Build.0 = Release|Any CPU
		{A01DAC15-137A-46CA-B4AC-B875F83E1CD5}.Debug|Any CPU.ActiveCfg = Debug|Any CPU
		{A01DAC15-137A-46CA-B4AC-B875F83E1CD5}.Debug|Any CPU.Build.0 = Debug|Any CPU
		{A01DAC15-137A-46CA-B4AC-B875F83E1CD5}.Debug|x64.ActiveCfg = Debug|Any CPU
		{A01DAC15-137A-46CA-B4AC-B875F83E1CD5}.Debug|x64.Build.0 = Debug|Any CPU
		{A01DAC15-137A-46CA-B4AC-B875F83E1CD5}.Debug|x86.ActiveCfg = Debug|Any CPU
		{A01DAC15-137A-46CA-B4AC-B875F83E1CD5}.Debug|x86.Build.0 = Debug|Any CPU
		{A01DAC15-137A-46CA-B4AC-B875F83E1CD5}.Release|Any CPU.ActiveCfg = Release|Any CPU
		{A01DAC15-137A-46CA-B4AC-B875F83E1CD5}.Release|Any CPU.Build.0 = Release|Any CPU
		{A01DAC15-137A-46CA-B4AC-B875F83E1CD5}.Release|x64.ActiveCfg = Release|Any CPU
		{A01DAC15-137A-46CA-B4AC-B875F83E1CD5}.Release|x64.Build.0 = Release|Any CPU
		{A01DAC15-137A-46CA-B4AC-B875F83E1CD5}.Release|x86.ActiveCfg = Release|Any CPU
		{A01DAC15-137A-46CA-B4AC-B875F83E1CD5}.Release|x86.Build.0 = Release|Any CPU
	EndGlobalSection
	GlobalSection(SolutionProperties) = preSolution
		HideSolutionNode = FALSE
	EndGlobalSection
	GlobalSection(ExtensibilityGlobals) = postSolution
		SolutionGuid = {A09EB6A2-C0B7-4A9D-BB31-C48E92ED0734}
	EndGlobalSection
EndGlobal
